
Microsoft Visual Studio Solution File, Format Version 12.00
# Visual Studio Version 17
VisualStudioVersion = 17.11.35208.52
MinimumVisualStudioVersion = 10.0.40219.1
Project("{FAE04EC0-301F-11D3-BF4B-00C04F79EFBC}") = "projeto-agenda", "projeto-agenda.csproj", "{3DB8E1F5-2197-4493-83A6-58FB52FEFE68}"
EndProject
Global
	GlobalSection(SolutionConfigurationPlatforms) = preSolution
		Debug|Any CPU = Debug|Any CPU
		Release|Any CPU = Release|Any CPU
	EndGlobalSection
	GlobalSection(ProjectConfigurationPlatforms) = postSolution
		{3DB8E1F5-2197-4493-83A6-58FB52FEFE68}.Debug|Any CPU.ActiveCfg = Debug|Any CPU
		{3DB8E1F5-2197-4493-83A6-58FB52FEFE68}.Debug|Any CPU.Build.0 = Debug|Any CPU
		{3DB8E1F5-2197-4493-83A6-58FB52FEFE68}.Release|Any CPU.ActiveCfg = Release|Any CPU
		{3DB8E1F5-2197-4493-83A6-58FB52FEFE68}.Release|Any CPU.Build.0 = Release|Any CPU
	EndGlobalSection
	GlobalSection(SolutionProperties) = preSolution
		HideSolutionNode = FALSE
	EndGlobalSection
	GlobalSection(ExtensibilityGlobals) = postSolution
		SolutionGuid = {65755BCD-5D24-40DB-8906-7E2B1F462F19}
	EndGlobalSection
EndGlobal
